
Microsoft Visual Studio Solution File, Format Version 12.00
# Visual Studio 2012
Project("{FAE04EC0-301F-11D3-BF4B-00C04F79EFBC}") = "OpenLinq", "OpenLinq\OpenLinq.csproj", "{81F4A4BC-000E-471B-80BB-C253A4437672}"
EndProject
Global
	GlobalSection(SolutionConfigurationPlatforms) = preSolution
		Debug|x86 = Debug|x86
		Release|x86 = Release|x86
	EndGlobalSection
	GlobalSection(ProjectConfigurationPlatforms) = postSolution
		{81F4A4BC-000E-471B-80BB-C253A4437672}.Debug|x86.ActiveCfg = Debug|x86
		{81F4A4BC-000E-471B-80BB-C253A4437672}.Debug|x86.Build.0 = Debug|x86
		{81F4A4BC-000E-471B-80BB-C253A4437672}.Release|x86.ActiveCfg = Release|x86
		{81F4A4BC-000E-471B-80BB-C253A4437672}.Release|x86.Build.0 = Release|x86
	EndGlobalSection
EndGlobal
